
Microsoft Visual Studio Solution File, Format Version 12.00
# Visual Studio 14
VisualStudioVersion = 14.0.25420.1
MinimumVisualStudioVersion = 10.0.40219.1
Project("{FC65038C-1B2F-41E1-A629-BED71D161FFF}") = "AAX_WorkingWithFilesExamples (ISV) [Fleet Management]", "AAX_WorkingWithFilesExamples\AAX_WorkingWithFilesExamples.rnrproj", "{61AD8A5C-4AFA-4550-B572-C88BC3FEAB8C}"
EndProject
Global
	GlobalSection(SolutionConfigurationPlatforms) = preSolution
		Debug|Any CPU = Debug|Any CPU
	EndGlobalSection
	GlobalSection(ProjectConfigurationPlatforms) = postSolution
		{61AD8A5C-4AFA-4550-B572-C88BC3FEAB8C}.Debug|Any CPU.ActiveCfg = Debug|Any CPU
		{61AD8A5C-4AFA-4550-B572-C88BC3FEAB8C}.Debug|Any CPU.Build.0 = Debug|Any CPU
	EndGlobalSection
	GlobalSection(SolutionProperties) = preSolution
		HideSolutionNode = FALSE
	EndGlobalSection
EndGlobal
